PODS:
  - Sourcery (2.2.2):
    - Sourcery/CLI-Only (= 2.2.2)
  - Sourcery/CLI-Only (2.2.2)
  - SwiftyMocky (4.2.0):
    - Sourcery (= 2.2.2)

DEPENDENCIES:
  - SwiftyMocky (from `./`)

SPEC REPOS:
  trunk:
    - Sourcery

EXTERNAL SOURCES:
  SwiftyMocky:
    :path: "./"

SPEC CHECKSUMS:
  Sourcery: 40610fe0d6edf71c7a2f984c96727fae99b94d08
  SwiftyMocky: 510e70b5b52175369f4a69aaf7b2ba56aade92ef

PODFILE CHECKSUM: 024f8b7ce6c9eed2b70ca54b9fcecda8c6cb6381

COCOAPODS: 1.14.3
